
Microsoft Visual Studio Solution File, Format Version 12.00
Project("{FAE04EC0-301F-11D3-BF4B-00C04F79EFBC}") = "Organizr.Core", "Organizr.Core\Organizr.Core.csproj", "{D759E4C0-0976-46A4-8FB1-799BF7853C0C}"
EndProject
Project("{FAE04EC0-301F-11D3-BF4B-00C04F79EFBC}") = "Organizr.Infrastructure", "Organizr.Infrastructure\Organizr.Infrastructure.csproj", "{75F27D39-7CB6-4CFC-8B0B-CA88FE6841AA}"
EndProject
Project("{FAE04EC0-301F-11D3-BF4B-00C04F79EFBC}") = "Organizr.Api", "Organizr.Api\Organizr.Api.csproj", "{D386A1DF-43E8-41EC-91B7-E7AF8E45C3C0}"
EndProject
Project("{FAE04EC0-301F-11D3-BF4B-00C04F79EFBC}") = "Organizr.Database", "Organizr.Database\Organizr.Database.csproj", "{C0714A56-9A9D-4412-B0CB-0A637D84D1E8}"
EndProject
Global
	GlobalSection(SolutionConfigurationPlatforms) = preSolution
		Debug|Any CPU = Debug|Any CPU
		Release|Any CPU = Release|Any CPU
	EndGlobalSection
	GlobalSection(ProjectConfigurationPlatforms) = postSolution
		{D759E4C0-0976-46A4-8FB1-799BF7853C0C}.Debug|Any CPU.ActiveCfg = Debug|Any CPU
		{D759E4C0-0976-46A4-8FB1-799BF7853C0C}.Debug|Any CPU.Build.0 = Debug|Any CPU
		{D759E4C0-0976-46A4-8FB1-799BF7853C0C}.Release|Any CPU.ActiveCfg = Release|Any CPU
		{D759E4C0-0976-46A4-8FB1-799BF7853C0C}.Release|Any CPU.Build.0 = Release|Any CPU
		{75F27D39-7CB6-4CFC-8B0B-CA88FE6841AA}.Debug|Any CPU.ActiveCfg = Debug|Any CPU
		{75F27D39-7CB6-4CFC-8B0B-CA88FE6841AA}.Debug|Any CPU.Build.0 = Debug|Any CPU
		{75F27D39-7CB6-4CFC-8B0B-CA88FE6841AA}.Release|Any CPU.ActiveCfg = Release|Any CPU
		{75F27D39-7CB6-4CFC-8B0B-CA88FE6841AA}.Release|Any CPU.Build.0 = Release|Any CPU
		{D386A1DF-43E8-41EC-91B7-E7AF8E45C3C0}.Debug|Any CPU.ActiveCfg = Debug|Any CPU
		{D386A1DF-43E8-41EC-91B7-E7AF8E45C3C0}.Debug|Any CPU.Build.0 = Debug|Any CPU
		{D386A1DF-43E8-41EC-91B7-E7AF8E45C3C0}.Release|Any CPU.ActiveCfg = Release|Any CPU
		{D386A1DF-43E8-41EC-91B7-E7AF8E45C3C0}.Release|Any CPU.Build.0 = Release|Any CPU
		{C0714A56-9A9D-4412-B0CB-0A637D84D1E8}.Debug|Any CPU.ActiveCfg = Debug|Any CPU
		{C0714A56-9A9D-4412-B0CB-0A637D84D1E8}.Debug|Any CPU.Build.0 = Debug|Any CPU
		{C0714A56-9A9D-4412-B0CB-0A637D84D1E8}.Release|Any CPU.ActiveCfg = Release|Any CPU
		{C0714A56-9A9D-4412-B0CB-0A637D84D1E8}.Release|Any CPU.Build.0 = Release|Any CPU
	EndGlobalSection
EndGlobal
