
Microsoft Visual Studio Solution File, Format Version 12.00
# Visual Studio Version 17
VisualStudioVersion = 17.1.32228.430
MinimumVisualStudioVersion = 10.0.40219.1
Project("{9A19103F-16F7-4668-BE54-9A1E7A4F7556}") = "Organizr.Core", "Organizr.Core\Organizr.Core.csproj", "{D759E4C0-0976-46A4-8FB1-799BF7853C0C}"
EndProject
Project("{9A19103F-16F7-4668-BE54-9A1E7A4F7556}") = "Organizr.Infrastructure", "Organizr.Infrastructure\Organizr.Infrastructure.csproj", "{75F27D39-7CB6-4CFC-8B0B-CA88FE6841AA}"
EndProject
Project("{9A19103F-16F7-4668-BE54-9A1E7A4F7556}") = "Organizr.Api", "Organizr.Api\Organizr.Api.csproj", "{D386A1DF-43E8-41EC-91B7-E7AF8E45C3C0}"
EndProject
Project("{2150E333-8FDC-42A3-9474-1A3956D46DE8}") = "Organizr.Member", "Organizr.Member", "{E170AAFD-4540-4AA2-878A-E92FAF1EAFA0}"
EndProject
Project("{E24C65DC-7377-472B-9ABA-BC803B73C61A}") = "member-application", "..\..\..\ClientApplication\member-application\", "{A5E95B92-3231-4B8C-8609-2DA5D7387FA0}"
	ProjectSection(WebsiteProperties) = preProject
		TargetFrameworkMoniker = ".NETFramework,Version%3Dv4.0"
		Debug.AspNetCompiler.VirtualPath = "/localhost_65210"
		Debug.AspNetCompiler.PhysicalPath = "..\..\..\ClientApplication\member-application\"
		Debug.AspNetCompiler.TargetPath = "PrecompiledWeb\localhost_65210\"
		Debug.AspNetCompiler.Updateable = "true"
		Debug.AspNetCompiler.ForceOverwrite = "true"
		Debug.AspNetCompiler.FixedNames = "false"
		Debug.AspNetCompiler.Debug = "True"
		Release.AspNetCompiler.VirtualPath = "/localhost_65210"
		Release.AspNetCompiler.PhysicalPath = "..\..\..\ClientApplication\member-application\"
		Release.AspNetCompiler.TargetPath = "PrecompiledWeb\localhost_65210\"
		Release.AspNetCompiler.Updateable = "true"
		Release.AspNetCompiler.ForceOverwrite = "true"
		Release.AspNetCompiler.FixedNames = "false"
		Release.AspNetCompiler.Debug = "False"
		VWDPort = "65210"
		SlnRelativePath = "..\..\..\ClientApplication\member-application\"
	EndProjectSection
EndProject
Project("{9A19103F-16F7-4668-BE54-9A1E7A4F7556}") = "Organizr.Application", "Organizr.Application\Organizr.Application.csproj", "{C2EBCB9B-79E5-4070-92B0-60BA0DDF840F}"
EndProject
Project("{9A19103F-16F7-4668-BE54-9A1E7A4F7556}") = "Organizr.AppAdmin", "Organizr.AppAdmin\Organizr.AppAdmin.csproj", "{54C9257C-0F6D-4F5D-BAA7-72C39FFD346F}"
EndProject
Global
	GlobalSection(SolutionConfigurationPlatforms) = preSolution
		Debug|Any CPU = Debug|Any CPU
		Release|Any CPU = Release|Any CPU
	EndGlobalSection
	GlobalSection(ProjectConfigurationPlatforms) = postSolution
		{D759E4C0-0976-46A4-8FB1-799BF7853C0C}.Debug|Any CPU.ActiveCfg = Debug|Any CPU
		{D759E4C0-0976-46A4-8FB1-799BF7853C0C}.Debug|Any CPU.Build.0 = Debug|Any CPU
		{D759E4C0-0976-46A4-8FB1-799BF7853C0C}.Release|Any CPU.ActiveCfg = Release|Any CPU
		{D759E4C0-0976-46A4-8FB1-799BF7853C0C}.Release|Any CPU.Build.0 = Release|Any CPU
		{75F27D39-7CB6-4CFC-8B0B-CA88FE6841AA}.Debug|Any CPU.ActiveCfg = Debug|Any CPU
		{75F27D39-7CB6-4CFC-8B0B-CA88FE6841AA}.Debug|Any CPU.Build.0 = Debug|Any CPU
		{75F27D39-7CB6-4CFC-8B0B-CA88FE6841AA}.Release|Any CPU.ActiveCfg = Release|Any CPU
		{75F27D39-7CB6-4CFC-8B0B-CA88FE6841AA}.Release|Any CPU.Build.0 = Release|Any CPU
		{D386A1DF-43E8-41EC-91B7-E7AF8E45C3C0}.Debug|Any CPU.ActiveCfg = Debug|Any CPU
		{D386A1DF-43E8-41EC-91B7-E7AF8E45C3C0}.Debug|Any CPU.Build.0 = Debug|Any CPU
		{D386A1DF-43E8-41EC-91B7-E7AF8E45C3C0}.Release|Any CPU.ActiveCfg = Release|Any CPU
		{D386A1DF-43E8-41EC-91B7-E7AF8E45C3C0}.Release|Any CPU.Build.0 = Release|Any CPU
		{A5E95B92-3231-4B8C-8609-2DA5D7387FA0}.Debug|Any CPU.ActiveCfg = Debug|Any CPU
		{A5E95B92-3231-4B8C-8609-2DA5D7387FA0}.Debug|Any CPU.Build.0 = Debug|Any CPU
		{A5E95B92-3231-4B8C-8609-2DA5D7387FA0}.Release|Any CPU.ActiveCfg = Debug|Any CPU
		{A5E95B92-3231-4B8C-8609-2DA5D7387FA0}.Release|Any CPU.Build.0 = Debug|Any CPU
		{C2EBCB9B-79E5-4070-92B0-60BA0DDF840F}.Debug|Any CPU.ActiveCfg = Debug|Any CPU
		{C2EBCB9B-79E5-4070-92B0-60BA0DDF840F}.Debug|Any CPU.Build.0 = Debug|Any CPU
		{C2EBCB9B-79E5-4070-92B0-60BA0DDF840F}.Release|Any CPU.ActiveCfg = Release|Any CPU
		{C2EBCB9B-79E5-4070-92B0-60BA0DDF840F}.Release|Any CPU.Build.0 = Release|Any CPU
		{54C9257C-0F6D-4F5D-BAA7-72C39FFD346F}.Debug|Any CPU.ActiveCfg = Debug|Any CPU
		{54C9257C-0F6D-4F5D-BAA7-72C39FFD346F}.Debug|Any CPU.Build.0 = Debug|Any CPU
		{54C9257C-0F6D-4F5D-BAA7-72C39FFD346F}.Release|Any CPU.ActiveCfg = Release|Any CPU
		{54C9257C-0F6D-4F5D-BAA7-72C39FFD346F}.Release|Any CPU.Build.0 = Release|Any CPU
	EndGlobalSection
	GlobalSection(SolutionProperties) = preSolution
		HideSolutionNode = FALSE
	EndGlobalSection
	GlobalSection(NestedProjects) = preSolution
		{A5E95B92-3231-4B8C-8609-2DA5D7387FA0} = {E170AAFD-4540-4AA2-878A-E92FAF1EAFA0}
	EndGlobalSection
	GlobalSection(ExtensibilityGlobals) = postSolution
		SolutionGuid = {0C736664-B120-4EE3-94EB-7878C8F32859}
	EndGlobalSection
EndGlobal
